PODS:
  - app_links (6.4.1):
    - Flutter
  - AppAuth (1.7.6):
    - AppAuth/Core (= 1.7.6)
    - AppAuth/ExternalUserAgent (= 1.7.6)
  - AppAuth/Core (1.7.6)
  - AppAuth/ExternalUserAgent (1.7.6):
    - AppAuth/Core
  - AppCheckCore (11.3.0):
    - GoogleUtilities/Environment (~> 8.0)
    - GoogleUtilities/UserDefaults (~> 8.0)
    - PromisesObjC (~> 2.4)
    - PromisesSwift (~> 2.4)
    - RecaptchaInterop (~> 101.0)
  - AppMetricaAdSupport (5.14.0):
    - AppMetricaCore (= 5.14.0)
    - AppMetricaCoreExtension (= 5.14.0)
  - AppMetricaCore (5.14.0):
    - AppMetricaCoreUtils (= 5.14.0)
    - AppMetricaEncodingUtils (= 5.14.0)
    - AppMetricaFMDB (= 5.14.0)
    - AppMetricaHostState (= 5.14.0)
    - AppMetricaIdentifiers (= 5.14.0)
    - AppMetricaKeychain (= 5.14.0)
    - AppMetricaLog (= 5.14.0)
    - AppMetricaNetwork (= 5.14.0)
    - AppMetricaPlatform (= 5.14.0)
    - AppMetricaProtobuf (= 5.14.0)
    - AppMetricaProtobufUtils (= 5.14.0)
    - AppMetricaStorageUtils (= 5.14.0)
  - AppMetricaCoreExtension (5.14.0):
    - AppMetricaCore (= 5.14.0)
    - AppMetricaStorageUtils (= 5.14.0)
  - AppMetricaCoreUtils (5.14.0):
    - AppMetricaLog (= 5.14.0)
  - AppMetricaEncodingUtils (5.14.0):
    - AppMetricaCoreUtils (= 5.14.0)
    - AppMetricaLog (= 5.14.0)
    - AppMetricaPlatform (= 5.14.0)
  - AppMetricaFMDB (5.14.0)
  - AppMetricaHostState (5.14.0):
    - AppMetricaCoreUtils (= 5.14.0)
    - AppMetricaLog (= 5.14.0)
  - AppMetricaIdentifiers (5.14.0):
    - AppMetricaKeychain (= 5.14.0)
    - AppMetricaLogSwift (= 5.14.0)
    - AppMetricaPlatform (= 5.14.0)
    - AppMetricaStorageUtils (= 5.14.0)
    - AppMetricaSynchronization (= 5.14.0)
  - AppMetricaIDSync (5.14.0):
    - AppMetricaCore (= 5.14.0)
    - AppMetricaCoreExtension (= 5.14.0)
    - AppMetricaCoreUtils (= 5.14.0)
    - AppMetricaLog (= 5.14.0)
    - AppMetricaNetwork (= 5.14.0)
    - AppMetricaPlatform (= 5.14.0)
    - AppMetricaStorageUtils (= 5.14.0)
  - AppMetricaKeychain (5.14.0):
    - AppMetricaCoreUtils (= 5.14.0)
    - AppMetricaLog (= 5.14.0)
    - AppMetricaStorageUtils (= 5.14.0)
  - AppMetricaLibraryAdapter (5.14.0):
    - AppMetricaCore (= 5.14.0)
    - AppMetricaCoreExtension (= 5.14.0)
  - AppMetricaLog (5.14.0)
  - AppMetricaLogSwift (5.14.0):
    - AppMetricaLog (= 5.14.0)
  - AppMetricaNetwork (5.14.0):
    - AppMetricaCoreUtils (= 5.14.0)
    - AppMetricaLog (= 5.14.0)
    - AppMetricaPlatform (= 5.14.0)
  - AppMetricaPlatform (5.14.0):
    - AppMetricaCoreUtils (= 5.14.0)
    - AppMetricaLog (= 5.14.0)
  - AppMetricaProtobuf (5.14.0)
  - AppMetricaProtobufUtils (5.14.0):
    - AppMetricaProtobuf (= 5.14.0)
  - AppMetricaStorageUtils (5.14.0):
    - AppMetricaCoreUtils (= 5.14.0)
    - AppMetricaLog (= 5.14.0)
  - AppMetricaSynchronization (5.14.0):
    - AppMetricaLogSwift (= 5.14.0)
  - audio_session (0.0.1):
    - Flutter
  - connectivity_plus (0.0.1):
    - Flutter
  - device_info_plus (0.0.1):
    - Flutter
  - DivKit (32.54.0):
    - DivKit_LayoutKit (= 32.54.0)
    - DivKit_Serialization (= 32.54.0)
    - VGSL (~> 7.21)
  - DivKit_LayoutKit (32.54.0):
    - DivKit_LayoutKitInterface (= 32.54.0)
    - VGSL (~> 7.21)
  - DivKit_LayoutKitInterface (32.54.0):
    - VGSL (~> 7.21)
  - DivKit_Serialization (32.54.0):
    - VGSL (~> 7.21)
  - DivKitBinaryCompatibilityFacade (5.2.2):
    - DivKit (~> 32.14)
  - DKImagePickerController/Core (4.3.9):
    - DKImagePickerController/ImageDataManager
    - DKImagePickerController/Resource
  - DKImagePickerController/ImageDataManager (4.3.9)
  - DKImagePickerController/PhotoGallery (4.3.9):
    - DKImagePickerController/Core
    - DKPhotoGallery
  - DKImagePickerController/Resource (4.3.9)
  - DKPhotoGallery (0.0.19):
    - DKPhotoGallery/Core (= 0.0.19)
    - DKPhotoGallery/Model (= 0.0.19)
    - DKPhotoGallery/Preview (= 0.0.19)
    - DKPhotoGallery/Resource (= 0.0.19)
    - SDWebImage
    - SwiftyGif
  - DKPhotoGallery/Core (0.0.19):
    - DKPhotoGallery/Model
    - DKPhotoGallery/Preview
    - SDWebImage
    - SwiftyGif
  - DKPhotoGallery/Model (0.0.19):
    - SDWebImage
    - SwiftyGif
  - DKPhotoGallery/Preview (0.0.19):
    - DKPhotoGallery/Model
    - DKPhotoGallery/Resource
    - SDWebImage
    - SwiftyGif
  - DKPhotoGallery/Resource (0.0.19):
    - SDWebImage
    - SwiftyGif
  - file_picker (0.0.1):
    - DKImagePickerController/PhotoGallery
    - Flutter
  - Flutter (1.0.0)
  - flutter_foreground_task (0.0.1):
    - Flutter
  - flutter_image_compress_common (1.0.0):
    - Flutter
    - Mantle
    - SDWebImage
    - SDWebImageWebPCoder
  - flutter_inappwebview_ios (0.0.1):
    - Flutter
    - flutter_inappwebview_ios/Core (= 0.0.1)
    - OrderedSet (~> 6.0.3)
  - flutter_inappwebview_ios/Core (0.0.1):
    - Flutter
    - OrderedSet (~> 6.0.3)
  - flutter_local_notifications (0.0.1):
    - Flutter
  - gal (1.0.0):
    - Flutter
    - FlutterMacOS
  - geocoding_ios (1.0.5):
    - Flutter
  - geolocator_apple (1.2.0):
    - Flutter
    - FlutterMacOS
  - Google-Mobile-Ads-SDK (11.13.0):
    - GoogleUserMessagingPlatform (>= 1.1)
  - google_mobile_ads (5.3.1):
    - Flutter
    - Google-Mobile-Ads-SDK (~> 11.13.0)
    - webview_flutter_wkwebview
  - google_sign_in_ios (0.0.1):
    - AppAuth (>= 1.7.4)
    - Flutter
    - FlutterMacOS
    - GoogleSignIn (~> 8.0)
    - GTMSessionFetcher (>= 3.4.0)
  - GoogleSignIn (8.0.0):
    - AppAuth (< 2.0, >= 1.7.3)
    - AppCheckCore (~> 11.0)
    - GTMAppAuth (< 5.0, >= 4.1.1)
    - GTMSessionFetcher/Core (~> 3.3)
  - GoogleUserMessagingPlatform (3.1.0)
  - GoogleUtilities/Environment (8.1.1):
    - GoogleUtilities/Privacy
  - GoogleUtilities/Logger (8.1.1):
    - GoogleUtilities/Environment
    - GoogleUtilities/Privacy
  - GoogleUtilities/Privacy (8.1.1)
  - GoogleUtilities/UserDefaults (8.1.1):
    - GoogleUtilities/Logger
    - GoogleUtilities/Privacy
  - GTMAppAuth (4.1.1):
    - AppAuth/Core (~> 1.7)
    - GTMSessionFetcher/Core (< 4.0, >= 3.3)
  - GTMSessionFetcher (3.5.0):
    - GTMSessionFetcher/Full (= 3.5.0)
  - GTMSessionFetcher/Core (3.5.0)
  - GTMSessionFetcher/Full (3.5.0):
    - GTMSessionFetcher/Core
  - home_widget (0.0.1):
    - Flutter
  - image_cropper (0.0.5):
    - Flutter
    - TOCropViewController (~> 3.1.2)
  - image_picker_ios (0.0.1):
    - Flutter
  - in_app_purchase_storekit (0.0.1):
    - Flutter
    - FlutterMacOS
  - just_audio (0.0.1):
    - Flutter
    - FlutterMacOS
  - libwebp (1.5.0):
    - libwebp/demux (= 1.5.0)
    - libwebp/mux (= 1.5.0)
    - libwebp/sharpyuv (= 1.5.0)
    - libwebp/webp (= 1.5.0)
  - libwebp/demux (1.5.0):
    - libwebp/webp
  - libwebp/mux (1.5.0):
    - libwebp/demux
  - libwebp/sharpyuv (1.5.0)
  - libwebp/webp (1.5.0):
    - libwebp/sharpyuv
  - Mantle (2.2.0):
    - Mantle/extobjc (= 2.2.0)
  - Mantle/extobjc (2.2.0)
  - mobile_scanner (7.0.0):
    - Flutter
    - FlutterMacOS
  - OrderedSet (6.0.3)
  - package_info_plus (0.4.5):
    - Flutter
  - PromisesObjC (2.4.1)
  - PromisesSwift (2.4.1):
    - PromisesObjC (= 2.4.1)
  - RecaptchaInterop (101.0.0)
  - SDWebImage (5.21.7):
    - SDWebImage/Core (= 5.21.7)
  - SDWebImage/Core (5.21.7)
  - SDWebImageWebPCoder (0.15.0):
    - libwebp (~> 1.0)
    - SDWebImage/Core (~> 5.17)
  - Sentry/HybridSDK (8.58.3)
  - sentry_flutter (9.22.0):
    - Flutter
    - FlutterMacOS
    - Sentry/HybridSDK (= 8.58.3)
  - share_plus (0.0.1):
    - Flutter
  - shared_preferences_foundation (0.0.1):
    - Flutter
    - FlutterMacOS
  - sqflite_darwin (0.0.4):
    - Flutter
    - FlutterMacOS
  - SwiftyGif (5.4.5)
  - TOCropViewController (3.1.2)
  - url_launcher_ios (0.0.1):
    - Flutter
  - VGSL (7.21.0):
    - VGSLFundamentals (= 7.21.0)
    - VGSLNetworking (= 7.21.0)
    - VGSLUI (= 7.21.0)
  - VGSLFundamentals (7.21.0)
  - VGSLNetworking (7.21.0):
    - VGSLFundamentals (= 7.21.0)
    - VGSLUI (= 7.21.0)
  - VGSLUI (7.21.0):
    - VGSLFundamentals (= 7.21.0)
  - video_compress (0.3.0):
    - Flutter
  - video_player_avfoundation (0.0.1):
    - Flutter
    - FlutterMacOS
  - webview_flutter_wkwebview (0.0.1):
    - Flutter
    - FlutterMacOS
  - yandex_mobileads (7.18.0):
    - Flutter
    - YandexMobileAds (~> 7.18.0)
  - YandexMobileAds (7.18.6):
    - AppMetricaAdSupport (~> 5.14.0)
    - AppMetricaCore (~> 5.14.0)
    - AppMetricaIDSync (~> 5.14.0)
    - AppMetricaLibraryAdapter (~> 5.14.0)
    - DivKitBinaryCompatibilityFacade (~> 5.2.1)

DEPENDENCIES:
  - app_links (from `.symlinks/plugins/app_links/ios`)
  - audio_session (from `.symlinks/plugins/audio_session/ios`)
  - connectivity_plus (from `.symlinks/plugins/connectivity_plus/ios`)
  - device_info_plus (from `.symlinks/plugins/device_info_plus/ios`)
  - file_picker (from `.symlinks/plugins/file_picker/ios`)
  - Flutter (from `Flutter`)
  - flutter_foreground_task (from `.symlinks/plugins/flutter_foreground_task/ios`)
  - flutter_image_compress_common (from `.symlinks/plugins/flutter_image_compress_common/ios`)
  - flutter_inappwebview_ios (from `.symlinks/plugins/flutter_inappwebview_ios/ios`)
  - flutter_local_notifications (from `.symlinks/plugins/flutter_local_notifications/ios`)
  - gal (from `.symlinks/plugins/gal/darwin`)
  - geocoding_ios (from `.symlinks/plugins/geocoding_ios/ios`)
  - geolocator_apple (from `.symlinks/plugins/geolocator_apple/darwin`)
  - google_mobile_ads (from `.symlinks/plugins/google_mobile_ads/ios`)
  - google_sign_in_ios (from `.symlinks/plugins/google_sign_in_ios/darwin`)
  - home_widget (from `.symlinks/plugins/home_widget/ios`)
  - image_cropper (from `.symlinks/plugins/image_cropper/ios`)
  - image_picker_ios (from `.symlinks/plugins/image_picker_ios/ios`)
  - in_app_purchase_storekit (from `.symlinks/plugins/in_app_purchase_storekit/darwin`)
  - just_audio (from `.symlinks/plugins/just_audio/darwin`)
  - mobile_scanner (from `.symlinks/plugins/mobile_scanner/darwin`)
  - package_info_plus (from `.symlinks/plugins/package_info_plus/ios`)
  - sentry_flutter (from `.symlinks/plugins/sentry_flutter/ios`)
  - share_plus (from `.symlinks/plugins/share_plus/ios`)
  - shared_preferences_foundation (from `.symlinks/plugins/shared_preferences_foundation/darwin`)
  - sqflite_darwin (from `.symlinks/plugins/sqflite_darwin/darwin`)
  - url_launcher_ios (from `.symlinks/plugins/url_launcher_ios/ios`)
  - video_compress (from `.symlinks/plugins/video_compress/ios`)
  - video_player_avfoundation (from `.symlinks/plugins/video_player_avfoundation/darwin`)
  - webview_flutter_wkwebview (from `.symlinks/plugins/webview_flutter_wkwebview/darwin`)
  - yandex_mobileads (from `.symlinks/plugins/yandex_mobileads/ios`)

SPEC REPOS:
  trunk:
    - AppAuth
    - AppCheckCore
    - AppMetricaAdSupport
    - AppMetricaCore
    - AppMetricaCoreExtension
    - AppMetricaCoreUtils
    - AppMetricaEncodingUtils
    - AppMetricaFMDB
    - AppMetricaHostState
    - AppMetricaIdentifiers
    - AppMetricaIDSync
    - AppMetricaKeychain
    - AppMetricaLibraryAdapter
    - AppMetricaLog
    - AppMetricaLogSwift
    - AppMetricaNetwork
    - AppMetricaPlatform
    - AppMetricaProtobuf
    - AppMetricaProtobufUtils
    - AppMetricaStorageUtils
    - AppMetricaSynchronization
    - DivKit
    - DivKit_LayoutKit
    - DivKit_LayoutKitInterface
    - DivKit_Serialization
    - DivKitBinaryCompatibilityFacade
    - DKImagePickerController
    - DKPhotoGallery
    - Google-Mobile-Ads-SDK
    - GoogleSignIn
    - GoogleUserMessagingPlatform
    - GoogleUtilities
    - GTMAppAuth
    - GTMSessionFetcher
    - libwebp
    - Mantle
    - OrderedSet
    - PromisesObjC
    - PromisesSwift
    - RecaptchaInterop
    - SDWebImage
    - SDWebImageWebPCoder
    - Sentry
    - SwiftyGif
    - TOCropViewController
    - VGSL
    - VGSLFundamentals
    - VGSLNetworking
    - VGSLUI
    - YandexMobileAds

EXTERNAL SOURCES:
  app_links:
    :path: ".symlinks/plugins/app_links/ios"
  audio_session:
    :path: ".symlinks/plugins/audio_session/ios"
  connectivity_plus:
    :path: ".symlinks/plugins/connectivity_plus/ios"
  device_info_plus:
    :path: ".symlinks/plugins/device_info_plus/ios"
  file_picker:
    :path: ".symlinks/plugins/file_picker/ios"
  Flutter:
    :path: Flutter
  flutter_foreground_task:
    :path: ".symlinks/plugins/flutter_foreground_task/ios"
  flutter_image_compress_common:
    :path: ".symlinks/plugins/flutter_image_compress_common/ios"
  flutter_inappwebview_ios:
    :path: ".symlinks/plugins/flutter_inappwebview_ios/ios"
  flutter_local_notifications:
    :path: ".symlinks/plugins/flutter_local_notifications/ios"
  gal:
    :path: ".symlinks/plugins/gal/darwin"
  geocoding_ios:
    :path: ".symlinks/plugins/geocoding_ios/ios"
  geolocator_apple:
    :path: ".symlinks/plugins/geolocator_apple/darwin"
  google_mobile_ads:
    :path: ".symlinks/plugins/google_mobile_ads/ios"
  google_sign_in_ios:
    :path: ".symlinks/plugins/google_sign_in_ios/darwin"
  home_widget:
    :path: ".symlinks/plugins/home_widget/ios"
  image_cropper:
    :path: ".symlinks/plugins/image_cropper/ios"
  image_picker_ios:
    :path: ".symlinks/plugins/image_picker_ios/ios"
  in_app_purchase_storekit:
    :path: ".symlinks/plugins/in_app_purchase_storekit/darwin"
  just_audio:
    :path: ".symlinks/plugins/just_audio/darwin"
  mobile_scanner:
    :path: ".symlinks/plugins/mobile_scanner/darwin"
  package_info_plus:
    :path: ".symlinks/plugins/package_info_plus/ios"
  sentry_flutter:
    :path: ".symlinks/plugins/sentry_flutter/ios"
  share_plus:
    :path: ".symlinks/plugins/share_plus/ios"
  shared_preferences_foundation:
    :path: ".symlinks/plugins/shared_preferences_foundation/darwin"
  sqflite_darwin:
    :path: ".symlinks/plugins/sqflite_darwin/darwin"
  url_launcher_ios:
    :path: ".symlinks/plugins/url_launcher_ios/ios"
  video_compress:
    :path: ".symlinks/plugins/video_compress/ios"
  video_player_avfoundation:
    :path: ".symlinks/plugins/video_player_avfoundation/darwin"
  webview_flutter_wkwebview:
    :path: ".symlinks/plugins/webview_flutter_wkwebview/darwin"
  yandex_mobileads:
    :path: ".symlinks/plugins/yandex_mobileads/ios"

SPEC CHECKSUMS:
  app_links: 3dbc685f76b1693c66a6d9dd1e9ab6f73d97dc0a
  AppAuth: d4f13a8fe0baf391b2108511793e4b479691fb73
  AppCheckCore: 214137f5c378d1dec88a68425c467fe65aaff637
  AppMetricaAdSupport: 702bdcf46b81a7fed457de56f6b0554d0480b5a3
  AppMetricaCore: d1c73033e83316264d5797d003f0c8f7957b7f31
  AppMetricaCoreExtension: 02a8409b471de413ac5ccf9249b12223816737c1
  AppMetricaCoreUtils: 8d6d710d016d15cf30caa46ed7b38219842b6e51
  AppMetricaEncodingUtils: 37803d738b7751b80e8cd3911cf42d43af6e011b
  AppMetricaFMDB: 109e4a5ff89ca8c5609c2f2b597831aac7712e65
  AppMetricaHostState: 8a9a1d723974201acdf819bf3a5fadb3af3f2e82
  AppMetricaIdentifiers: 57e3164c945075fce4831567ae3a65959efaff44
  AppMetricaIDSync: f2dcb1b268dda44cd3f1edff5dad74abbb5cb9d4
  AppMetricaKeychain: 99950a926fb90e54913d6737a9901c45af34d800
  AppMetricaLibraryAdapter: 643eeb8958caad92a37658751c10a591b3f74e28
  AppMetricaLog: d2bee5f12ec196308f4a13c46b4a65013900d2db
  AppMetricaLogSwift: 0cff437339756bd78f0a4d1526e34c51486edf3f
  AppMetricaNetwork: 82d32db120ac3fccf7c42006354b4e203debf555
  AppMetricaPlatform: b7bbbe687890caac28cae837fc548e66e3542cfb
  AppMetricaProtobuf: 7b8e4a072bf634b9354f5d13cf6cc0a14b519b85
  AppMetricaProtobufUtils: 3696c3b28c3a6a5fd95b8e44953c662ad5648f7b
  AppMetricaStorageUtils: bb31d877359a6d1ad8ae5a6d89951edddf01af75
  AppMetricaSynchronization: 76f438564c57b4688d640b7befc5600e21bff875
  audio_session: 9bb7f6c970f21241b19f5a3658097ae459681ba0
  connectivity_plus: cb623214f4e1f6ef8fe7403d580fdad517d2f7dd
  device_info_plus: 21fcca2080fbcd348be798aa36c3e5ed849eefbe
  DivKit: dcac05f67a96653a429db8bfa56958d6bb673b42
  DivKit_LayoutKit: 4a2bbcba53122c98ca15ff4ad971cb04cb5721be
  DivKit_LayoutKitInterface: a1d3b8d21dcbdf1d1a43d7d37535cbbfca11b739
  DivKit_Serialization: bce644d2bcf1e0f3851c93868cc06f1d7a0593e0
  DivKitBinaryCompatibilityFacade: 77c240b799c62d65c826aeb9c8f0081e1ffe7b56
  DKImagePickerController: 946cec48c7873164274ecc4624d19e3da4c1ef3c
  DKPhotoGallery: b3834fecb755ee09a593d7c9e389d8b5d6deed60
  file_picker: a0560bc09d61de87f12d246fc47d2119e6ef37be
  Flutter: cabc95a1d2626b1b06e7179b784ebcf0c0cde467
  flutter_foreground_task: a159d2c2173b33699ddb3e6c2a067045d7cebb89
  flutter_image_compress_common: 1697a328fd72bfb335507c6bca1a65fa5ad87df1
  flutter_inappwebview_ios: b89ba3482b96fb25e00c967aae065701b66e9b99
  flutter_local_notifications: 643a3eda1ce1c0599413ca31672536d423dee214
  gal: baecd024ebfd13c441269ca7404792a7152fde89
  geocoding_ios: 33776c9ebb98d037b5e025bb0e7537f6dd19646e
  geolocator_apple: ab36aa0e8b7d7a2d7639b3b4e48308394e8cef5e
  Google-Mobile-Ads-SDK: 14f57f2dc33532a24db288897e26494640810407
  google_mobile_ads: 16ad301354fa6a7ea55770c6254bd4339bf8558b
  google_sign_in_ios: b48bb9af78576358a168361173155596c845f0b9
  GoogleSignIn: ce8c89bb9b37fb624b92e7514cc67335d1e277e4
  GoogleUserMessagingPlatform: befe603da6501006420c206222acd449bba45a9c
  GoogleUtilities: 4f2618a4a1e762a1ee134a1e2323bba9843e06da
  GTMAppAuth: f69bd07d68cd3b766125f7e072c45d7340dea0de
  GTMSessionFetcher: 5aea5ba6bd522a239e236100971f10cb71b96ab6
  home_widget: 54b4f6b36ed8d64cfee594a476225c35c3e45091
  image_cropper: fca51f94982730acae168c4b5d691e0f11aeb259
  image_picker_ios: e0ece4aa2a75771a7de3fa735d26d90817041326
  in_app_purchase_storekit: 22cca7d08eebca9babdf4d07d0baccb73325d3c8
  just_audio: 4e391f57b79cad2b0674030a00453ca5ce817eed
  libwebp: 02b23773aedb6ff1fd38cec7a77b81414c6842a8
  Mantle: c5aa8794a29a022dfbbfc9799af95f477a69b62d
  mobile_scanner: 9157936403f5a0644ca3779a38ff8404c5434a93
  OrderedSet: e539b66b644ff081c73a262d24ad552a69be3a94
  package_info_plus: af8e2ca6888548050f16fa2f1938db7b5a5df499
  PromisesObjC: 752c3227f599e3467650e47ea36f433eeb10c273
  PromisesSwift: 217dea0fd5d2ad65222a109c48698add13cc1c5b
  RecaptchaInterop: 11e0b637842dfb48308d242afc3f448062325aba
  SDWebImage: e9fc87c1aab89a8ab1bbd74eba378c6f53be8abf
  SDWebImageWebPCoder: 0e06e365080397465cc73a7a9b472d8a3bd0f377
  Sentry: 108fdbb76299c4189af12246bf0308c09c278922
  sentry_flutter: fbb8a76a5a009ce7ba7bde295ee6b50b11916851
  share_plus: 50da8cb520a8f0f65671c6c6a99b3617ed10a58a
  shared_preferences_foundation: 7036424c3d8ec98dfe75ff1667cb0cd531ec82bb
  sqflite_darwin: 20b2a3a3b70e43edae938624ce550a3cbf66a3d0
  SwiftyGif: 706c60cf65fa2bc5ee0313beece843c8eb8194d4
  TOCropViewController: a916930c465b5d9445a74d95e0c0da931771b4df
  url_launcher_ios: 7a95fa5b60cc718a708b8f2966718e93db0cef1b
  VGSL: 0573c2b82b05aadcba4836398ce3778d271bfd13
  VGSLFundamentals: 3a081684c1a5df5800bf88aca8a9bdff2c10cfd9
  VGSLNetworking: 0ea8a335bc4f4eba3f6123ffe441cf1c08f267f2
  VGSLUI: 249a16cccdb75f1a5a1733894d013bca76e27c5e
  video_compress: f2133a07762889d67f0711ac831faa26f956980e
  video_player_avfoundation: 3453f792138786248960ca029747fcd9f318ef52
  webview_flutter_wkwebview: 8ebf4fded22593026f7dbff1fbff31ea98573c8d
  yandex_mobileads: 46a4640d682a8ac44b36ce03b79259f384418b19
  YandexMobileAds: 330c7d7c47b7a4397ab7d7d1e21f893243614d4d

PODFILE CHECKSUM: cbab47b1d414b540fe70099c43ab32d1a7503e7d

COCOAPODS: 1.16.2
